<?xml version="1.0" encoding="utf-8"?>
<Project ToolsVersion="4.0" xmlns="http://schemas.microsoft.com/developer/msbuild/2003">
  <ItemGroup>
    <ClCompile Include="Source\Car.cpp" />
    <ClCompile Include="Source\CustomEntity.cpp" />
    <ClCompile Include="Source\GarageInventory.cpp" />
    <ClCompile Include="Source\InteractionStack.cpp" />
    <ClCompile Include="Source\Inventory.cpp" />
    <ClCompile Include="Source\Item.cpp" />
    <ClCompile Include="Source\ItemInventory.cpp" />
    <ClCompile Include="Source\NPC.cpp" />
    <ClCompile Include="Source\Player.cpp" />
    <ClCompile Include="Source\Scene.cpp" />
    <ClCompile Include="Source\MeshHandler.cpp" />
    <ClCompile Include="Source\Entity.cpp" />
    <ClCompile Include="Source\EntityManager.cpp" />
    <ClCompile Include="Source\HitBox.cpp" />
    <ClCompile Include="Source\Position3D.cpp" />
    <ClCompile Include="Source\LoadOBJ.cpp" />
    <ClCompile Include="Source\LoadTGA.cpp" />
    <ClCompile Include="Source\Mesh.cpp" />
    <ClCompile Include="Source\MeshBuilder.cpp" />
    <ClCompile Include="Source\Application.cpp" />
    <ClCompile Include="Source\main.cpp" />
    <ClCompile Include="Source\shader.cpp" />
    <ClCompile Include="Source\Utility.cpp" />
    <ClCompile Include="Source\Weapon.cpp" />
    <ClCompile Include="Source\WeaponInventory.cpp" />
    <ClCompile Include="Source\WorldObject.cpp" />
    <ClCompile Include="Source\SceneAssignment2.cpp" />
    <ClCompile Include="Source\Game.cpp" />
    <ClCompile Include="Source\Camera.cpp" />
  </ItemGroup>
  <ItemGroup>
    <ClInclude Include="Source\Car.h" />
    <ClInclude Include="Source\GarageInventory.h" />
    <ClInclude Include="Source\Interactions.h" />
    <ClInclude Include="Source\CustomEntity.h" />
    <ClInclude Include="Source\InteractionStack.h" />
    <ClInclude Include="Source\Inventory.h" />
    <ClInclude Include="Source\Item.h" />
    <ClInclude Include="Source\ItemInventory.h" />
    <ClInclude Include="Source\NPC.h" />
    <ClInclude Include="Source\EntityDataHandler.h" />
    <ClInclude Include="Source\MeshHandler.h" />
    <ClInclude Include="Source\Entity.h" />
    <ClInclude Include="Source\EntityManager.h" />
    <ClInclude Include="Source\HitBox.h" />
    <ClInclude Include="Source\Player.h" />
    <ClInclude Include="Source\Position3D.h" />
    <ClInclude Include="Source\Light.h" />
    <ClInclude Include="Source\LoadOBJ.h" />
    <ClInclude Include="Source\LoadTGA.h" />
    <ClInclude Include="Source\Material.h" />
    <ClInclude Include="Source\Mesh.h" />
    <ClInclude Include="Source\MeshBuilder.h" />
    <ClInclude Include="Source\Application.h" />
    <ClInclude Include="Source\Scene.h" />
    <ClInclude Include="Source\shader.hpp" />
    <ClInclude Include="Source\Utility.h" />
    <ClInclude Include="Source\Vertex.h" />
    <ClInclude Include="Source\Weapon.h" />
    <ClInclude Include="Source\WeaponInventory.h" />
    <ClInclude Include="Source\WorldObject.h" />
    <ClInclude Include="Source\SceneAssignment2.h" />
    <ClInclude Include="Source\Game.h" />
    <ClInclude Include="Source\Camera.h" />
  </ItemGroup>
</Project>